{
  "requires": true,
  "lockfileVersion": 1,
  "dependencies": {
    "react-chartjs-2": {
      "version": "3.2.0",
      "resolved": "https://registry.npmjs.org/react-chartjs-2/-/react-chartjs-2-3.2.0.tgz",
      "integrity": "sha512-UFedkfhOriqyslqYMrdK225TdxFq6YSmGJVQplLC37eoKBfbpkJHxVq+SPMpoVY2oV9fx33RrD4Obv0wKZtclw=="
    }
  }
}
